
Microsoft Visual Studio Solution File, Format Version 12.00
# Visual Studio 2012
Project("{FAE04EC0-301F-11D3-BF4B-00C04F79EFBC}") = "ContractIntro", "ContractIntro\ContractIntro.csproj", "{8D9F2590-8A5C-4327-9E85-EC9B5B8DE08D}"
EndProject
Global
	GlobalSection(SolutionConfigurationPlatforms) = preSolution
		Debug|Any CPU = Debug|Any CPU
		Release|Any CPU = Release|Any CPU
	EndGlobalSection
	GlobalSection(ProjectConfigurationPlatforms) = postSolution
		{8D9F2590-8A5C-4327-9E85-EC9B5B8DE08D}.Debug|Any CPU.ActiveCfg = Debug|Any CPU
		{8D9F2590-8A5C-4327-9E85-EC9B5B8DE08D}.Debug|Any CPU.Build.0 = Debug|Any CPU
		{8D9F2590-8A5C-4327-9E85-EC9B5B8DE08D}.Release|Any CPU.ActiveCfg = Release|Any CPU
		{8D9F2590-8A5C-4327-9E85-EC9B5B8DE08D}.Release|Any CPU.Build.0 = Release|Any CPU
	EndGlobalSection
	GlobalSection(SolutionProperties) = preSolution
		HideSolutionNode = FALSE
	EndGlobalSection
EndGlobal
